
Microsoft Visual Studio Solution File, Format Version 12.00
# Visual Studio Version 17
VisualStudioVersion = 17.4.33122.133
MinimumVisualStudioVersion = 10.0.40219.1
Project("{FAE04EC0-301F-11D3-BF4B-00C04F79EFBC}") = "KafkaInConsoleApp", "KafkaInConsoleAPp\KafkaInConsoleApp.csproj", "{0204584A-937A-4290-AE90-E4ADA645CF1C}"
EndProject
Global
	GlobalSection(SolutionConfigurationPlatforms) = preSolution
		Debug|Any CPU = Debug|Any CPU
		Release|Any CPU = Release|Any CPU
	EndGlobalSection
	GlobalSection(ProjectConfigurationPlatforms) = postSolution
		{0204584A-937A-4290-AE90-E4ADA645CF1C}.Debug|Any CPU.ActiveCfg = Debug|Any CPU
		{0204584A-937A-4290-AE90-E4ADA645CF1C}.Debug|Any CPU.Build.0 = Debug|Any CPU
		{0204584A-937A-4290-AE90-E4ADA645CF1C}.Release|Any CPU.ActiveCfg = Release|Any CPU
		{0204584A-937A-4290-AE90-E4ADA645CF1C}.Release|Any CPU.Build.0 = Release|Any CPU
	EndGlobalSection
	GlobalSection(SolutionProperties) = preSolution
		HideSolutionNode = FALSE
	EndGlobalSection
	GlobalSection(ExtensibilityGlobals) = postSolution
		SolutionGuid = {B088BA85-50E1-4989-B517-0205F986FA55}
	EndGlobalSection
EndGlobal
